
Microsoft Visual Studio Solution File, Format Version 12.00
# Visual Studio 15
VisualStudioVersion = 15.0.28010.2046
MinimumVisualStudioVersion = 10.0.40219.1
Project("{FAE04EC0-301F-11D3-BF4B-00C04F79EFBC}") = "ZombieSurvival", "ZombieSurvival\ZombieSurvival.csproj", "{83967EBA-5476-4178-827A-44F84D2B56AA}"
EndProject
Project("{54435603-DBB4-11D2-8724-00A0C9A8B90C}") = "Setup", "Setup\Setup.vdproj", "{CC3DF2C1-B282-4E11-B5E5-D1314CCCC920}"
EndProject
Global
	GlobalSection(SolutionConfigurationPlatforms) = preSolution
		Debug|Any CPU = Debug|Any CPU
		Release|Any CPU = Release|Any CPU
	EndGlobalSection
	GlobalSection(ProjectConfigurationPlatforms) = postSolution
		{83967EBA-5476-4178-827A-44F84D2B56AA}.Debug|Any CPU.ActiveCfg = Debug|Any CPU
		{83967EBA-5476-4178-827A-44F84D2B56AA}.Debug|Any CPU.Build.0 = Debug|Any CPU
		{83967EBA-5476-4178-827A-44F84D2B56AA}.Release|Any CPU.ActiveCfg = Release|Any CPU
		{83967EBA-5476-4178-827A-44F84D2B56AA}.Release|Any CPU.Build.0 = Release|Any CPU
		{CC3DF2C1-B282-4E11-B5E5-D1314CCCC920}.Debug|Any CPU.ActiveCfg = Debug
		{CC3DF2C1-B282-4E11-B5E5-D1314CCCC920}.Release|Any CPU.ActiveCfg = Release
	EndGlobalSection
	GlobalSection(SolutionProperties) = preSolution
		HideSolutionNode = FALSE
	EndGlobalSection
	GlobalSection(ExtensibilityGlobals) = postSolution
		SolutionGuid = {3250F888-C749-4E2C-926C-B737250CD187}
	EndGlobalSection
EndGlobal
